
Microsoft Visual Studio Solution File, Format Version 12.00
# Visual Studio 15
VisualStudioVersion = 15.0.28307.271
MinimumVisualStudioVersion = 10.0.40219.1
Project("{FAE04EC0-301F-11D3-BF4B-00C04F79EFBC}") = "ToDo", "ToDo\ToDo.csproj", "{29454F5E-1A73-40D7-AC39-1EDF7011CB7F}"
EndProject
Global
	GlobalSection(SolutionConfigurationPlatforms) = preSolution
		Debug|Any CPU = Debug|Any CPU
		Release|Any CPU = Release|Any CPU
	EndGlobalSection
	GlobalSection(ProjectConfigurationPlatforms) = postSolution
		{29454F5E-1A73-40D7-AC39-1EDF7011CB7F}.Debug|Any CPU.ActiveCfg = Debug|Any CPU
		{29454F5E-1A73-40D7-AC39-1EDF7011CB7F}.Debug|Any CPU.Build.0 = Debug|Any CPU
		{29454F5E-1A73-40D7-AC39-1EDF7011CB7F}.Release|Any CPU.ActiveCfg = Release|Any CPU
		{29454F5E-1A73-40D7-AC39-1EDF7011CB7F}.Release|Any CPU.Build.0 = Release|Any CPU
	EndGlobalSection
	GlobalSection(SolutionProperties) = preSolution
		HideSolutionNode = FALSE
	EndGlobalSection
	GlobalSection(ExtensibilityGlobals) = postSolution
		SolutionGuid = {BC2C239F-DF63-48F6-88EF-A11EF0800B1A}
	EndGlobalSection
EndGlobal
